
Microsoft Visual Studio Solution File, Format Version 12.00
# Visual Studio Version 16
VisualStudioVersion = 16.0.28711.60
MinimumVisualStudioVersion = 10.0.40219.1
Project("{FAE04EC0-301F-11D3-BF4B-00C04F79EFBC}") = "HelloWorld", "HelloWorld\HelloWorld.csproj", "{78D2374D-45CA-4727-920A-57ECE8E3B580}"
EndProject
Global
	GlobalSection(SolutionConfigurationPlatforms) = preSolution
		Debug|Any CPU = Debug|Any CPU
		Release|Any CPU = Release|Any CPU
	EndGlobalSection
	GlobalSection(ProjectConfigurationPlatforms) = postSolution
		{78D2374D-45CA-4727-920A-57ECE8E3B580}.Debug|Any CPU.ActiveCfg = Debug|Any CPU
		{78D2374D-45CA-4727-920A-57ECE8E3B580}.Debug|Any CPU.Build.0 = Debug|Any CPU
		{78D2374D-45CA-4727-920A-57ECE8E3B580}.Release|Any CPU.ActiveCfg = Release|Any CPU
		{78D2374D-45CA-4727-920A-57ECE8E3B580}.Release|Any CPU.Build.0 = Release|Any CPU
	EndGlobalSection
	GlobalSection(SolutionProperties) = preSolution
		HideSolutionNode = FALSE
	EndGlobalSection
	GlobalSection(ExtensibilityGlobals) = postSolution
		SolutionGuid = {16F4BC03-C8AA-43C3-BE94-2BB1DF3BCA47}
	EndGlobalSection
EndGlobal
